# Generated by buf. DO NOT EDIT.
version: v1
deps:
  - remote: buf.build
    owner: envoyproxy
    repository: protoc-gen-validate
    commit: 89818263b32b46d39c9ecb5984bd2850
    digest: shake256:8f3653779e824957a4fe3d18cdb73531f7f7ed1393848082dfe1f90026fd187da9534e759b5833f4e5487be0d34cfa7d4ff149af9a2694863773387d61d09fce
  - remote: buf.build
    owner: googleapis
    repository: googleapis
    commit: f0e53af8f2fc4556b94f482688b57223
    digest: shake256:de26a277fc28b8b411ecf58729d78d32fcf15090ffd998a4469225b17889bfb51442eaab04bb7a8d88d203ecdf0a9febd4ffd52c18ed1c2229160c7bd353ca95
  - remote: buf.build
    owner: srikrsna
    repository: protoc-gen-gotag
    commit: 7a85d3ad2e7642c198480e92bf730c14
    digest: shake256:059f136681cd47abe2d6e83d20b9594071c481572d16cebfafbc81ba3d3e7924aef6974f99da53d67a01d033e30b7bf57985a206b4e856fc82508545de84a70c
